# THIS IS AN AUTOGENERATED FILE. DO NOT EDIT THIS FILE DIRECTLY.
# yarn lockfile v1


flag-icon-css@^4.1.7:
  version "4.1.7"
  resolved "https://registry.yarnpkg.com/flag-icon-css/-/flag-icon-css-4.1.7.tgz#5471197f9ab965a3603b3e0face31dd513fec289"
  integrity sha512-AFjSU+fv98XbU0vnTQ32vcLj89UEr1MhwDFcooQv14qWJCjg9fGZzfh9BVyDhAhIOZW/pGmJmq38RqpgPaeybQ==
